
Microsoft Visual Studio Solution File, Format Version 12.00
# Visual Studio Version 17
VisualStudioVersion = 17.14.36414.22 d17.14
MinimumVisualStudioVersion = 10.0.40219.1
Project("{FAE04EC0-301F-11D3-BF4B-00C04F79EFBC}") = "Lists_Harjo_Ryan", "Lists_Harjo_Ryan.csproj", "{AC515DD1-9C75-4A62-B58D-5B06B2F67D05}"
EndProject
Global
	GlobalSection(SolutionConfigurationPlatforms) = preSolution
		Debug|Any CPU = Debug|Any CPU
		Release|Any CPU = Release|Any CPU
	EndGlobalSection
	GlobalSection(ProjectConfigurationPlatforms) = postSolution
		{AC515DD1-9C75-4A62-B58D-5B06B2F67D05}.Debug|Any CPU.ActiveCfg = Debug|Any CPU
		{AC515DD1-9C75-4A62-B58D-5B06B2F67D05}.Debug|Any CPU.Build.0 = Debug|Any CPU
		{AC515DD1-9C75-4A62-B58D-5B06B2F67D05}.Release|Any CPU.ActiveCfg = Release|Any CPU
		{AC515DD1-9C75-4A62-B58D-5B06B2F67D05}.Release|Any CPU.Build.0 = Release|Any CPU
	EndGlobalSection
	GlobalSection(SolutionProperties) = preSolution
		HideSolutionNode = FALSE
	EndGlobalSection
	GlobalSection(ExtensibilityGlobals) = postSolution
		SolutionGuid = {F7B2BEB4-1826-42EC-9152-1AED28DBEFC3}
	EndGlobalSection
EndGlobal
